
Microsoft Visual Studio Solution File, Format Version 12.00
# Visual Studio Version 16
VisualStudioVersion = 16.0.29613.14
MinimumVisualStudioVersion = 10.0.40219.1
Project("{FAE04EC0-301F-11D3-BF4B-00C04F79EFBC}") = "HelloWorld", "HelloWorld\HelloWorld.csproj", "{12CEFCAE-B73C-4286-9024-F83B716A6C2B}"
EndProject
Global
	GlobalSection(SolutionConfigurationPlatforms) = preSolution
		Debug|Any CPU = Debug|Any CPU
		Release|Any CPU = Release|Any CPU
	EndGlobalSection
	GlobalSection(ProjectConfigurationPlatforms) = postSolution
		{12CEFCAE-B73C-4286-9024-F83B716A6C2B}.Debug|Any CPU.ActiveCfg = Debug|Any CPU
		{12CEFCAE-B73C-4286-9024-F83B716A6C2B}.Debug|Any CPU.Build.0 = Debug|Any CPU
		{12CEFCAE-B73C-4286-9024-F83B716A6C2B}.Release|Any CPU.ActiveCfg = Release|Any CPU
		{12CEFCAE-B73C-4286-9024-F83B716A6C2B}.Release|Any CPU.Build.0 = Release|Any CPU
	EndGlobalSection
	GlobalSection(SolutionProperties) = preSolution
		HideSolutionNode = FALSE
	EndGlobalSection
	GlobalSection(ExtensibilityGlobals) = postSolution
		SolutionGuid = {A4F41130-FDD2-4CBD-B2E8-A1D94EF632D3}
	EndGlobalSection
EndGlobal
