
Microsoft Visual Studio Solution File, Format Version 12.00
# Visual Studio Version 16
VisualStudioVersion = 16.0.29306.81
MinimumVisualStudioVersion = 10.0.40219.1
Project("{FAE04EC0-301F-11D3-BF4B-00C04F79EFBC}") = "Cenema", "Cenema\Cenema.csproj", "{A220A591-3569-4191-9C48-C539679AF33B}"
EndProject
Project("{FAE04EC0-301F-11D3-BF4B-00C04F79EFBC}") = "DesignPattertTest", "DesignPattertTest\DesignPattertTest.csproj", "{2A640ADE-D9E5-4836-AB2B-FC3F8C28663A}"
EndProject
Project("{FAE04EC0-301F-11D3-BF4B-00C04F79EFBC}") = "Cinema.API", "Cinema.API\Cinema.API.csproj", "{63A04FD9-D08F-4EFE-BB20-481D7340E2B6}"
EndProject
Global
	GlobalSection(SolutionConfigurationPlatforms) = preSolution
		Debug|Any CPU = Debug|Any CPU
		Release|Any CPU = Release|Any CPU
	EndGlobalSection
	GlobalSection(ProjectConfigurationPlatforms) = postSolution
		{A220A591-3569-4191-9C48-C539679AF33B}.Debug|Any CPU.ActiveCfg = Debug|Any CPU
		{A220A591-3569-4191-9C48-C539679AF33B}.Debug|Any CPU.Build.0 = Debug|Any CPU
		{A220A591-3569-4191-9C48-C539679AF33B}.Release|Any CPU.ActiveCfg = Release|Any CPU
		{A220A591-3569-4191-9C48-C539679AF33B}.Release|Any CPU.Build.0 = Release|Any CPU
		{2A640ADE-D9E5-4836-AB2B-FC3F8C28663A}.Debug|Any CPU.ActiveCfg = Debug|Any CPU
		{2A640ADE-D9E5-4836-AB2B-FC3F8C28663A}.Debug|Any CPU.Build.0 = Debug|Any CPU
		{2A640ADE-D9E5-4836-AB2B-FC3F8C28663A}.Release|Any CPU.ActiveCfg = Release|Any CPU
		{2A640ADE-D9E5-4836-AB2B-FC3F8C28663A}.Release|Any CPU.Build.0 = Release|Any CPU
		{63A04FD9-D08F-4EFE-BB20-481D7340E2B6}.Debug|Any CPU.ActiveCfg = Debug|Any CPU
		{63A04FD9-D08F-4EFE-BB20-481D7340E2B6}.Debug|Any CPU.Build.0 = Debug|Any CPU
		{63A04FD9-D08F-4EFE-BB20-481D7340E2B6}.Release|Any CPU.ActiveCfg = Release|Any CPU
		{63A04FD9-D08F-4EFE-BB20-481D7340E2B6}.Release|Any CPU.Build.0 = Release|Any CPU
	EndGlobalSection
	GlobalSection(SolutionProperties) = preSolution
		HideSolutionNode = FALSE
	EndGlobalSection
	GlobalSection(ExtensibilityGlobals) = postSolution
		SolutionGuid = {868EA925-E7B8-4121-80AB-82E32C45351D}
	EndGlobalSection
EndGlobal
