
Microsoft Visual Studio Solution File, Format Version 12.00
# Visual Studio Version 16
VisualStudioVersion = 16.0.29613.14
MinimumVisualStudioVersion = 10.0.40219.1
Project("{FAE04EC0-301F-11D3-BF4B-00C04F79EFBC}") = "Lession2", "Lession2\Lession2.csproj", "{F9B1F63D-E3E6-4570-900E-D804D7A70A05}"
EndProject
Project("{FAE04EC0-301F-11D3-BF4B-00C04F79EFBC}") = "DropDownTable", "DropDownTable\DropDownTable.csproj", "{50386DF5-351F-4C8D-AB41-71CD0B1E1010}"
EndProject
Global
	GlobalSection(SolutionConfigurationPlatforms) = preSolution
		Debug|Any CPU = Debug|Any CPU
		Release|Any CPU = Release|Any CPU
	EndGlobalSection
	GlobalSection(ProjectConfigurationPlatforms) = postSolution
		{F9B1F63D-E3E6-4570-900E-D804D7A70A05}.Debug|Any CPU.ActiveCfg = Debug|Any CPU
		{F9B1F63D-E3E6-4570-900E-D804D7A70A05}.Debug|Any CPU.Build.0 = Debug|Any CPU
		{F9B1F63D-E3E6-4570-900E-D804D7A70A05}.Release|Any CPU.ActiveCfg = Release|Any CPU
		{F9B1F63D-E3E6-4570-900E-D804D7A70A05}.Release|Any CPU.Build.0 = Release|Any CPU
		{50386DF5-351F-4C8D-AB41-71CD0B1E1010}.Debug|Any CPU.ActiveCfg = Debug|Any CPU
		{50386DF5-351F-4C8D-AB41-71CD0B1E1010}.Debug|Any CPU.Build.0 = Debug|Any CPU
		{50386DF5-351F-4C8D-AB41-71CD0B1E1010}.Release|Any CPU.ActiveCfg = Release|Any CPU
		{50386DF5-351F-4C8D-AB41-71CD0B1E1010}.Release|Any CPU.Build.0 = Release|Any CPU
	EndGlobalSection
	GlobalSection(SolutionProperties) = preSolution
		HideSolutionNode = FALSE
	EndGlobalSection
	GlobalSection(ExtensibilityGlobals) = postSolution
		SolutionGuid = {EDA98D6B-A2BB-480F-8E8E-772ADE46E3A7}
	EndGlobalSection
EndGlobal
